// !$*UTF8*$!
{
	archiveVersion = 1;
	classes = {
	};
	objectVersion = 55;
	objects = {

/* Begin PBXBuildFile section */
		943EC1CE4C90DB8479FFA1D8 /* Pods_helloWorld.framework in Frameworks */ = {isa = PBXBuildFile; fileRef = 19BB5311322DFDBFEABFB318 /* Pods_helloWorld.framework */; };
		95BAD689286E991500E315C6 /* SignUpViewController.swift in Sources */ = {isa = PBXBuildFile; fileRef = 95BAD688286E991500E315C6 /* SignUpViewController.swift */; };
		95BAD68B286E999000E315C6 /* IndexViewController.swift in Sources */ = {isa = PBXBuildFile; fileRef = 95BAD68A286E999000E315C6 /* IndexViewController.swift */; };
		95BAD6912872D3B400E315C6 /* CustomView.swift in Sources */ = {isa = PBXBuildFile; fileRef = 95BAD6902872D3B400E315C6 /* CustomView.swift */; };
		95BAD6952872D55100E315C6 /* CustomVIew.xib in Resources */ = {isa = PBXBuildFile; fileRef = 95BAD6942872D55100E315C6 /* CustomVIew.xib */; };
		95BAD6982872DB5900E315C6 /* MyTableViewCell.swift in Sources */ = {isa = PBXBuildFile; fileRef = 95BAD6962872DB5900E315C6 /* MyTableViewCell.swift */; };
		95BAD6992872DB5900E315C6 /* MyTableViewCell.xib in Resources */ = {isa = PBXBuildFile; fileRef = 95BAD6972872DB5900E315C6 /* MyTableViewCell.xib */; };
		95BAD69B2873D1F800E315C6 /* Order.swift in Sources */ = {isa = PBXBuildFile; fileRef = 95BAD69A2873D1F800E315C6 /* Order.swift */; };
		95BAD69D2873D4D700E315C6 /* DBViewController.swift in Sources */ = {isa = PBXBuildFile; fileRef = 95BAD69C2873D4D700E315C6 /* DBViewController.swift */; };
		95BAD69F287484DC00E315C6 /* UIPickController.swift in Sources */ = {isa = PBXBuildFile; fileRef = 95BAD69E287484DC00E315C6 /* UIPickController.swift */; };
		95BAD6A128754FE600E315C6 /* HTTPController.swift in Sources */ = {isa = PBXBuildFile; fileRef = 95BAD6A028754FE600E315C6 /* HTTPController.swift */; };
		95BAD6A32875666400E315C6 /* weather.swift in Sources */ = {isa = PBXBuildFile; fileRef = 95BAD6A22875666400E315C6 /* weather.swift */; };
		95D6EDB32866B64800B3C527 /* AppDelegate.swift in Sources */ = {isa = PBXBuildFile; fileRef = 95D6EDB22866B64800B3C527 /* AppDelegate.swift */; };
		95D6EDB52866B64800B3C527 /* SceneDelegate.swift in Sources */ = {isa = PBXBuildFile; fileRef = 95D6EDB42866B64800B3C527 /* SceneDelegate.swift */; };
		95D6EDB72866B64800B3C527 /* ViewController.swift in Sources */ = {isa = PBXBuildFile; fileRef = 95D6EDB62866B64800B3C527 /* ViewController.swift */; };
		95D6EDBA2866B64800B3C527 /* Main.storyboard in Resources */ = {isa = PBXBuildFile; fileRef = 95D6EDB82866B64800B3C527 /* Main.storyboard */; };
		95D6EDBC2866B64900B3C527 /* Assets.xcassets in Resources */ = {isa = PBXBuildFile; fileRef = 95D6EDBB2866B64900B3C527 /* Assets.xcassets */; };
		95D6EDBF2866B64900B3C527 /* LaunchScreen.storyboard in Resources */ = {isa = PBXBuildFile; fileRef = 95D6EDBD2866B64900B3C527 /* LaunchScreen.storyboard */; };
		95D6EDCA2866B64900B3C527 /* helloWorldTests.swift in Sources */ = {isa = PBXBuildFile; fileRef = 95D6EDC92866B64900B3C527 /* helloWorldTests.swift */; };
		95D6EDD42866B64900B3C527 /* helloWorldUITests.swift in Sources */ = {isa = PBXBuildFile; fileRef = 95D6EDD32866B64900B3C527 /* helloWorldUITests.swift */; };
		95D6EDD62866B64900B3C527 /* helloWorldUITestsLaunchTests.swift in Sources */ = {isa = PBXBuildFile; fileRef = 95D6EDD52866B64900B3C527 /* helloWorldUITestsLaunchTests.swift */; };
		9FA1BD2EEF0FBAB74351B998 /* Pods_helloWorld_helloWorldUITests.framework in Frameworks */ = {isa = PBXBuildFile; fileRef = 8D8E30807BE7FD80CE88085D /* Pods_helloWorld_helloWorldUITests.framework */; };
		F8726E5E9965DEF560FF28C2 /* Pods_helloWorldTests.framework in Frameworks */ = {isa = PBXBuildFile; fileRef = AB635AD858901F741E849555 /* Pods_helloWorldTests.framework */; };
/* End PBXBuildFile section */

/* Begin PBXContainerItemProxy section */
		95D6EDC62866B64900B3C527 /* PBXContainerItemProxy */ = {
			isa = PBXContainerItemProxy;
			containerPortal = 95D6EDA72866B64800B3C527 /* Project object */;
			proxyType = 1;
			remoteGlobalIDString = 95D6EDAE2866B64800B3C527;
			remoteInfo = helloWorld;
		};
		95D6EDD02866B64900B3C527 /* PBXContainerItemProxy */ = {
			isa = PBXContainerItemProxy;
			containerPortal = 95D6EDA72866B64800B3C527 /* Project object */;
			proxyType = 1;
			remoteGlobalIDString = 95D6EDAE2866B64800B3C527;
			remoteInfo = helloWorld;
		};
/* End PBXContainerItemProxy section */

/* Begin PBXFileReference section */
		176229205F20F63B6C8C415C /* Pods-helloWorld.debug.xcconfig */ = {isa = PBXFileReference; includeInIndex = 1; lastKnownFileType = text.xcconfig; name = "Pods-helloWorld.debug.xcconfig"; path = "Target Support Files/Pods-helloWorld/Pods-helloWorld.debug.xcconfig"; sourceTree = "<group>"; };
		19BB5311322DFDBFEABFB318 /* Pods_helloWorld.framework */ = {isa = PBXFileReference; explicitFileType = wrapper.framework; includeInIndex = 0; path = Pods_helloWorld.framework; sourceTree = BUILT_PRODUCTS_DIR; };
		2AAD6EF988881245A8482B73 /* Pods-helloWorld.release.xcconfig */ = {isa = PBXFileReference; includeInIndex = 1; lastKnownFileType = text.xcconfig; name = "Pods-helloWorld.release.xcconfig"; path = "Target Support Files/Pods-helloWorld/Pods-helloWorld.release.xcconfig"; sourceTree = "<group>"; };
		646AD8A656509CA7C8319913 /* Pods-helloWorldTests.release.xcconfig */ = {isa = PBXFileReference; includeInIndex = 1; lastKnownFileType = text.xcconfig; name = "Pods-helloWorldTests.release.xcconfig"; path = "Target Support Files/Pods-helloWorldTests/Pods-helloWorldTests.release.xcconfig"; sourceTree = "<group>"; };
		8D8E30807BE7FD80CE88085D /* Pods_helloWorld_helloWorldUITests.framework */ = {isa = PBXFileReference; explicitFileType = wrapper.framework; includeInIndex = 0; path = Pods_helloWorld_helloWorldUITests.framework; sourceTree = BUILT_PRODUCTS_DIR; };
		95BAD688286E991500E315C6 /* SignUpViewController.swift */ = {isa = PBXFileReference; lastKnownFileType = sourcecode.swift; path = SignUpViewController.swift; sourceTree = "<group>"; };
		95BAD68A286E999000E315C6 /* IndexViewController.swift */ = {isa = PBXFileReference; lastKnownFileType = sourcecode.swift; path = IndexViewController.swift; sourceTree = "<group>"; };
		95BAD6902872D3B400E315C6 /* CustomView.swift */ = {isa = PBXFileReference; lastKnownFileType = sourcecode.swift; path = CustomView.swift; sourceTree = "<group>"; };
		95BAD6942872D55100E315C6 /* CustomVIew.xib */ = {isa = PBXFileReference; lastKnownFileType = file.xib; path = CustomVIew.xib; sourceTree = "<group>"; };
		95BAD6962872DB5900E315C6 /* MyTableViewCell.swift */ = {isa = PBXFileReference; lastKnownFileType = sourcecode.swift; path = MyTableViewCell.swift; sourceTree = "<group>"; };
		95BAD6972872DB5900E315C6 /* MyTableViewCell.xib */ = {isa = PBXFileReference; lastKnownFileType = file.xib; path = MyTableViewCell.xib; sourceTree = "<group>"; };
		95BAD69A2873D1F800E315C6 /* Order.swift */ = {isa = PBXFileReference; lastKnownFileType = sourcecode.swift; path = Order.swift; sourceTree = "<group>"; };
		95BAD69C2873D4D700E315C6 /* DBViewController.swift */ = {isa = PBXFileReference; lastKnownFileType = sourcecode.swift; path = DBViewController.swift; sourceTree = "<group>"; };
		95BAD69E287484DC00E315C6 /* UIPickController.swift */ = {isa = PBXFileReference; lastKnownFileType = sourcecode.swift; path = UIPickController.swift; sourceTree = "<group>"; };
		95BAD6A028754FE600E315C6 /* HTTPController.swift */ = {isa = PBXFileReference; lastKnownFileType = sourcecode.swift; path = HTTPController.swift; sourceTree = "<group>"; };
		95BAD6A22875666400E315C6 /* weather.swift */ = {isa = PBXFileReference; lastKnownFileType = sourcecode.swift; path = weather.swift; sourceTree = "<group>"; };
		95D6EDAF2866B64800B3C527 /* helloWorld.app */ = {isa = PBXFileReference; explicitFileType = wrapper.application; includeInIndex = 0; path = helloWorld.app; sourceTree = BUILT_PRODUCTS_DIR; };
		95D6EDB22866B64800B3C527 /* AppDelegate.swift */ = {isa = PBXFileReference; lastKnownFileType = sourcecode.swift; path = AppDelegate.swift; sourceTree = "<group>"; };
		95D6EDB42866B64800B3C527 /* SceneDelegate.swift */ = {isa = PBXFileReference; lastKnownFileType = sourcecode.swift; path = SceneDelegate.swift; sourceTree = "<group>"; };
		95D6EDB62866B64800B3C527 /* ViewController.swift */ = {isa = PBXFileReference; lastKnownFileType = sourcecode.swift; path = ViewController.swift; sourceTree = "<group>"; };
		95D6EDB92866B64800B3C527 /* Base */ = {isa = PBXFileReference; lastKnownFileType = file.storyboard; name = Base; path = Base.lproj/Main.storyboard; sourceTree = "<group>"; };
		95D6EDBB2866B64900B3C527 /* Assets.xcassets */ = {isa = PBXFileReference; lastKnownFileType = folder.assetcatalog; path = Assets.xcassets; sourceTree = "<group>"; };
		95D6EDBE2866B64900B3C527 /* Base */ = {isa = PBXFileReference; lastKnownFileType = file.storyboard; name = Base; path = Base.lproj/LaunchScreen.storyboard; sourceTree = "<group>"; };
		95D6EDC02866B64900B3C527 /* Info.plist */ = {isa = PBXFileReference; lastKnownFileType = text.plist.xml; path = Info.plist; sourceTree = "<group>"; };
		95D6EDC52866B64900B3C527 /* helloWorldTests.xctest */ = {isa = PBXFileReference; explicitFileType = wrapper.cfbundle; includeInIndex = 0; path = helloWorldTests.xctest; sourceTree = BUILT_PRODUCTS_DIR; };
		95D6EDC92866B64900B3C527 /* helloWorldTests.swift */ = {isa = PBXFileReference; lastKnownFileType = sourcecode.swift; path = helloWorldTests.swift; sourceTree = "<group>"; };
		95D6EDCF2866B64900B3C527 /* helloWorldUITests.xctest */ = {isa = PBXFileReference; explicitFileType = wrapper.cfbundle; includeInIndex = 0; path = helloWorldUITests.xctest; sourceTree = BUILT_PRODUCTS_DIR; };
		95D6EDD32866B64900B3C527 /* helloWorldUITests.swift */ = {isa = PBXFileReference; lastKnownFileType = sourcecode.swift; path = helloWorldUITests.swift; sourceTree = "<group>"; };
		95D6EDD52866B64900B3C527 /* helloWorldUITestsLaunchTests.swift */ = {isa = PBXFileReference; lastKnownFileType = sourcecode.swift; path = helloWorldUITestsLaunchTests.swift; sourceTree = "<group>"; };
		9D006FE6A7908CA5E9186EA6 /* Pods-helloWorldTests.debug.xcconfig */ = {isa = PBXFileReference; includeInIndex = 1; lastKnownFileType = text.xcconfig; name = "Pods-helloWorldTests.debug.xcconfig"; path = "Target Support Files/Pods-helloWorldTests/Pods-helloWorldTests.debug.xcconfig"; sourceTree = "<group>"; };
		AB635AD858901F741E849555 /* Pods_helloWorldTests.framework */ = {isa = PBXFileReference; explicitFileType = wrapper.framework; includeInIndex = 0; path = Pods_helloWorldTests.framework; sourceTree = BUILT_PRODUCTS_DIR; };
		B58596E4D7AFB8BE45093258 /* Pods-helloWorld-helloWorldUITests.release.xcconfig */ = {isa = PBXFileReference; includeInIndex = 1; lastKnownFileType = text.xcconfig; name = "Pods-helloWorld-helloWorldUITests.release.xcconfig"; path = "Target Support Files/Pods-helloWorld-helloWorldUITests/Pods-helloWorld-helloWorldUITests.release.xcconfig"; sourceTree = "<group>"; };
		DD44062B3A7448F83674D163 /* Pods-helloWorld-helloWorldUITests.debug.xcconfig */ = {isa = PBXFileReference; includeInIndex = 1; lastKnownFileType = text.xcconfig; name = "Pods-helloWorld-helloWorldUITests.debug.xcconfig"; path = "Target Support Files/Pods-helloWorld-helloWorldUITests/Pods-helloWorld-helloWorldUITests.debug.xcconfig"; sourceTree = "<group>"; };
/* End PBXFileReference section */

/* Begin PBXFrameworksBuildPhase section */
		95D6EDAC2866B64800B3C527 /* Frameworks */ = {
			isa = PBXFrameworksBuildPhase;
			buildActionMask = 2147483647;
			files = (
				943EC1CE4C90DB8479FFA1D8 /* Pods_helloWorld.framework in Frameworks */,
			);
			runOnlyForDeploymentPostprocessing = 0;
		};
		95D6EDC22866B64900B3C527 /* Frameworks */ = {
			isa = PBXFrameworksBuildPhase;
			buildActionMask = 2147483647;
			files = (
				F8726E5E9965DEF560FF28C2 /* Pods_helloWorldTests.framework in Frameworks */,
			);
			runOnlyForDeploymentPostprocessing = 0;
		};
		95D6EDCC2866B64900B3C527 /* Frameworks */ = {
			isa = PBXFrameworksBuildPhase;
			buildActionMask = 2147483647;
			files = (
				9FA1BD2EEF0FBAB74351B998 /* Pods_helloWorld_helloWorldUITests.framework in Frameworks */,
			);
			runOnlyForDeploymentPostprocessing = 0;
		};
/* End PBXFrameworksBuildPhase section */

/* Begin PBXGroup section */
		95D6EDA62866B64800B3C527 = {
			isa = PBXGroup;
			children = (
				95D6EDB12866B64800B3C527 /* helloWorld */,
				95D6EDC82866B64900B3C527 /* helloWorldTests */,
				95D6EDD22866B64900B3C527 /* helloWorldUITests */,
				95D6EDB02866B64800B3C527 /* Products */,
				E4E8974BFE857761E130BB5B /* Pods */,
				F162ED0987053CE7EAD77B1B /* Frameworks */,
			);
			sourceTree = "<group>";
		};
		95D6EDB02866B64800B3C527 /* Products */ = {
			isa = PBXGroup;
			children = (
				95D6EDAF2866B64800B3C527 /* helloWorld.app */,
				95D6EDC52866B64900B3C527 /* helloWorldTests.xctest */,
				95D6EDCF2866B64900B3C527 /* helloWorldUITests.xctest */,
			);
			name = Products;
			sourceTree = "<group>";
		};
		95D6EDB12866B64800B3C527 /* helloWorld */ = {
			isa = PBXGroup;
			children = (
				95D6EDB22866B64800B3C527 /* AppDelegate.swift */,
				95D6EDB42866B64800B3C527 /* SceneDelegate.swift */,
				95D6EDB62866B64800B3C527 /* ViewController.swift */,
				95D6EDB82866B64800B3C527 /* Main.storyboard */,
				95D6EDBB2866B64900B3C527 /* Assets.xcassets */,
				95D6EDBD2866B64900B3C527 /* LaunchScreen.storyboard */,
				95D6EDC02866B64900B3C527 /* Info.plist */,
				95BAD688286E991500E315C6 /* SignUpViewController.swift */,
				95BAD68A286E999000E315C6 /* IndexViewController.swift */,
				95BAD6902872D3B400E315C6 /* CustomView.swift */,
				95BAD6942872D55100E315C6 /* CustomVIew.xib */,
				95BAD6962872DB5900E315C6 /* MyTableViewCell.swift */,
				95BAD6972872DB5900E315C6 /* MyTableViewCell.xib */,
				95BAD69A2873D1F800E315C6 /* Order.swift */,
				95BAD69C2873D4D700E315C6 /* DBViewController.swift */,
				95BAD6A22875666400E315C6 /* weather.swift */,
				95BAD69E287484DC00E315C6 /* UIPickController.swift */,
				95BAD6A028754FE600E315C6 /* HTTPController.swift */,
			);
			path = helloWorld;
			sourceTree = "<group>";
		};
		95D6EDC82866B64900B3C527 /* helloWorldTests */ = {
			isa = PBXGroup;
			children = (
				95D6EDC92866B64900B3C527 /* helloWorldTests.swift */,
			);
			path = helloWorldTests;
			sourceTree = "<group>";
		};
		95D6EDD22866B64900B3C527 /* helloWorldUITests */ = {
			isa = PBXGroup;
			children = (
				95D6EDD32866B64900B3C527 /* helloWorldUITests.swift */,
				95D6EDD52866B64900B3C527 /* helloWorldUITestsLaunchTests.swift */,
			);
			path = helloWorldUITests;
			sourceTree = "<group>";
		};
		E4E8974BFE857761E130BB5B /* Pods */ = {
			isa = PBXGroup;
			children = (
				176229205F20F63B6C8C415C /* Pods-helloWorld.debug.xcconfig */,
				2AAD6EF988881245A8482B73 /* Pods-helloWorld.release.xcconfig */,
				DD44062B3A7448F83674D163 /* Pods-helloWorld-helloWorldUITests.debug.xcconfig */,
				B58596E4D7AFB8BE45093258 /* Pods-helloWorld-helloWorldUITests.release.xcconfig */,
				9D006FE6A7908CA5E9186EA6 /* Pods-helloWorldTests.debug.xcconfig */,
				646AD8A656509CA7C8319913 /* Pods-helloWorldTests.release.xcconfig */,
			);
			path = Pods;
			sourceTree = "<group>";
		};
		F162ED0987053CE7EAD77B1B /* Frameworks */ = {
			isa = PBXGroup;
			children = (
				19BB5311322DFDBFEABFB318 /* Pods_helloWorld.framework */,
				8D8E30807BE7FD80CE88085D /* Pods_helloWorld_helloWorldUITests.framework */,
				AB635AD858901F741E849555 /* Pods_helloWorldTests.framework */,
			);
			name = Frameworks;
			sourceTree = "<group>";
		};
/* End PBXGroup section */

/* Begin PBXNativeTarget section */
		95D6EDAE2866B64800B3C527 /* helloWorld */ = {
			isa = PBXNativeTarget;
			buildConfigurationList = 95D6EDD92866B64900B3C527 /* Build configuration list for PBXNativeTarget "helloWorld" */;
			buildPhases = (
				CC11097FA2C663993A296F16 /* [CP] Check Pods Manifest.lock */,
				95D6EDAB2866B64800B3C527 /* Sources */,
				95D6EDAC2866B64800B3C527 /* Frameworks */,
				95D6EDAD2866B64800B3C527 /* Resources */,
				213692CA1998FACE43DB4DC3 /* [CP] Embed Pods Frameworks */,
			);
			buildRules = (
			);
			dependencies = (
			);
			name = helloWorld;
			productName = helloWorld;
			productReference = 95D6EDAF2866B64800B3C527 /* helloWorld.app */;
			productType = "com.apple.product-type.application";
		};
		95D6EDC42866B64900B3C527 /* helloWorldTests */ = {
			isa = PBXNativeTarget;
			buildConfigurationList = 95D6EDDC2866B64900B3C527 /* Build configuration list for PBXNativeTarget "helloWorldTests" */;
			buildPhases = (
				100B1DBFB8D9634109D5B531 /* [CP] Check Pods Manifest.lock */,
				95D6EDC12866B64900B3C527 /* Sources */,
				95D6EDC22866B64900B3C527 /* Frameworks */,
				95D6EDC32866B64900B3C527 /* Resources */,
			);
			buildRules = (
			);
			dependencies = (
				95D6EDC72866B64900B3C527 /* PBXTargetDependency */,
			);
			name = helloWorldTests;
			productName = helloWorldTests;
			productReference = 95D6EDC52866B64900B3C527 /* helloWorldTests.xctest */;
			productType = "com.apple.product-type.bundle.unit-test";
		};
		95D6EDCE2866B64900B3C527 /* helloWorldUITests */ = {
			isa = PBXNativeTarget;
			buildConfigurationList = 95D6EDDF2866B64900B3C527 /* Build configuration list for PBXNativeTarget "helloWorldUITests" */;
			buildPhases = (
				BFCED732BBA07F93DF0F07CF /* [CP] Check Pods Manifest.lock */,
				95D6EDCB2866B64900B3C527 /* Sources */,
				95D6EDCC2866B64900B3C527 /* Frameworks */,
				95D6EDCD2866B64900B3C527 /* Resources */,
				186C58ED7676190F1B0CA6AF /* [CP] Embed Pods Frameworks */,
			);
			buildRules = (
			);
			dependencies = (
				95D6EDD12866B64900B3C527 /* PBXTargetDependency */,
			);
			name = helloWorldUITests;
			productName = helloWorldUITests;
			productReference = 95D6EDCF2866B64900B3C527 /* helloWorldUITests.xctest */;
			productType = "com.apple.product-type.bundle.ui-testing";
		};
/* End PBXNativeTarget section */

/* Begin PBXProject section */
		95D6EDA72866B64800B3C527 /* Project object */ = {
			isa = PBXProject;
			attributes = {
				BuildIndependentTargetsInParallel = 1;
				LastSwiftUpdateCheck = 1330;
				LastUpgradeCheck = 1330;
				TargetAttributes = {
					95D6EDAE2866B64800B3C527 = {
						CreatedOnToolsVersion = 13.3.1;
					};
					95D6EDC42866B64900B3C527 = {
						CreatedOnToolsVersion = 13.3.1;
						TestTargetID = 95D6EDAE2866B64800B3C527;
					};
					95D6EDCE2866B64900B3C527 = {
						CreatedOnToolsVersion = 13.3.1;
						TestTargetID = 95D6EDAE2866B64800B3C527;
					};
				};
			};
			buildConfigurationList = 95D6EDAA2866B64800B3C527 /* Build configuration list for PBXProject "helloWorld" */;
			compatibilityVersion = "Xcode 13.0";
			developmentRegion = en;
			hasScannedForEncodings = 0;
			knownRegions = (
				en,
				Base,
			);
			mainGroup = 95D6EDA62866B64800B3C527;
			productRefGroup = 95D6EDB02866B64800B3C527 /* Products */;
			projectDirPath = "";
			projectRoot = "";
			targets = (
				95D6EDAE2866B64800B3C527 /* helloWorld */,
				95D6EDC42866B64900B3C527 /* helloWorldTests */,
				95D6EDCE2866B64900B3C527 /* helloWorldUITests */,
			);
		};
/* End PBXProject section */

/* Begin PBXResourcesBuildPhase section */
		95D6EDAD2866B64800B3C527 /* Resources */ = {
			isa = PBXResourcesBuildPhase;
			buildActionMask = 2147483647;
			files = (
				95BAD6992872DB5900E315C6 /* MyTableViewCell.xib in Resources */,
				95D6EDBF2866B64900B3C527 /* LaunchScreen.storyboard in Resources */,
				95BAD6952872D55100E315C6 /* CustomVIew.xib in Resources */,
				95D6EDBC2866B64900B3C527 /* Assets.xcassets in Resources */,
				95D6EDBA2866B64800B3C527 /* Main.storyboard in Resources */,
			);
			runOnlyForDeploymentPostprocessing = 0;
		};
		95D6EDC32866B64900B3C527 /* Resources */ = {
			isa = PBXResourcesBuildPhase;
			buildActionMask = 2147483647;
			files = (
			);
			runOnlyForDeploymentPostprocessing = 0;
		};
		95D6EDCD2866B64900B3C527 /* Resources */ = {
			isa = PBXResourcesBuildPhase;
			buildActionMask = 2147483647;
			files = (
			);
			runOnlyForDeploymentPostprocessing = 0;
		};
/* End PBXResourcesBuildPhase section */

/* Begin PBXShellScriptBuildPhase section */
		100B1DBFB8D9634109D5B531 /* [CP] Check Pods Manifest.lock */ = {
			isa = PBXShellScriptBuildPhase;
			buildActionMask = 2147483647;
			files = (
			);
			inputFileListPaths = (
			);
			inputPaths = (
				"${PODS_PODFILE_DIR_PATH}/Podfile.lock",
				"${PODS_ROOT}/Manifest.lock",
			);
			name = "[CP] Check Pods Manifest.lock";
			outputFileListPaths = (
			);
			outputPaths = (
				"$(DERIVED_FILE_DIR)/Pods-helloWorldTests-checkManifestLockResult.txt",
			);
			runOnlyForDeploymentPostprocessing = 0;
			shellPath = /bin/sh;
			shellScript = "diff \"${PODS_PODFILE_DIR_PATH}/Podfile.lock\" \"${PODS_ROOT}/Manifest.lock\" > /dev/null\nif [ $? != 0 ] ; then\n    # print error to STDERR\n    echo \"error: The sandbox is not in sync with the Podfile.lock. Run 'pod install' or update your CocoaPods installation.\" >&2\n    exit 1\nfi\n# This output is used by Xcode 'outputs' to avoid re-running this script phase.\necho \"SUCCESS\" > \"${SCRIPT_OUTPUT_FILE_0}\"\n";
			showEnvVarsInLog = 0;
		};
		186C58ED7676190F1B0CA6AF /* [CP] Embed Pods Frameworks */ = {
			isa = PBXShellScriptBuildPhase;
			buildActionMask = 2147483647;
			files = (
			);
			inputFileListPaths = (
				"${PODS_ROOT}/Target Support Files/Pods-helloWorld-helloWorldUITests/Pods-helloWorld-helloWorldUITests-frameworks-${CONFIGURATION}-input-files.xcfilelist",
			);
			name = "[CP] Embed Pods Frameworks";
			outputFileListPaths = (
				"${PODS_ROOT}/Target Support Files/Pods-helloWorld-helloWorldUITests/Pods-helloWorld-helloWorldUITests-frameworks-${CONFIGURATION}-output-files.xcfilelist",
			);
			runOnlyForDeploymentPostprocessing = 0;
			shellPath = /bin/sh;
			shellScript = "\"${PODS_ROOT}/Target Support Files/Pods-helloWorld-helloWorldUITests/Pods-helloWorld-helloWorldUITests-frameworks.sh\"\n";
			showEnvVarsInLog = 0;
		};
		213692CA1998FACE43DB4DC3 /* [CP] Embed Pods Frameworks */ = {
			isa = PBXShellScriptBuildPhase;
			buildActionMask = 2147483647;
			files = (
			);
			inputFileListPaths = (
				"${PODS_ROOT}/Target Support Files/Pods-helloWorld/Pods-helloWorld-frameworks-${CONFIGURATION}-input-files.xcfilelist",
			);
			name = "[CP] Embed Pods Frameworks";
			outputFileListPaths = (
				"${PODS_ROOT}/Target Support Files/Pods-helloWorld/Pods-helloWorld-frameworks-${CONFIGURATION}-output-files.xcfilelist",
			);
			runOnlyForDeploymentPostprocessing = 0;
			shellPath = /bin/sh;
			shellScript = "\"${PODS_ROOT}/Target Support Files/Pods-helloWorld/Pods-helloWorld-frameworks.sh\"\n";
			showEnvVarsInLog = 0;
		};
		BFCED732BBA07F93DF0F07CF /* [CP] Check Pods Manifest.lock */ = {
			isa = PBXShellScriptBuildPhase;
			buildActionMask = 2147483647;
			files = (
			);
			inputFileListPaths = (
			);
			inputPaths = (
				"${PODS_PODFILE_DIR_PATH}/Podfile.lock",
				"${PODS_ROOT}/Manifest.lock",
			);
			name = "[CP] Check Pods Manifest.lock";
			outputFileListPaths = (
			);
			outputPaths = (
				"$(DERIVED_FILE_DIR)/Pods-helloWorld-helloWorldUITests-checkManifestLockResult.txt",
			);
			runOnlyForDeploymentPostprocessing = 0;
			shellPath = /bin/sh;
			shellScript = "diff \"${PODS_PODFILE_DIR_PATH}/Podfile.lock\" \"${PODS_ROOT}/Manifest.lock\" > /dev/null\nif [ $? != 0 ] ; then\n    # print error to STDERR\n    echo \"error: The sandbox is not in sync with the Podfile.lock. Run 'pod install' or update your CocoaPods installation.\" >&2\n    exit 1\nfi\n# This output is used by Xcode 'outputs' to avoid re-running this script phase.\necho \"SUCCESS\" > \"${SCRIPT_OUTPUT_FILE_0}\"\n";
			showEnvVarsInLog = 0;
		};
		CC11097FA2C663993A296F16 /* [CP] Check Pods Manifest.lock */ = {
			isa = PBXShellScriptBuildPhase;
			buildActionMask = 2147483647;
			files = (
			);
			inputFileListPaths = (
			);
			inputPaths = (
				"${PODS_PODFILE_DIR_PATH}/Podfile.lock",
				"${PODS_ROOT}/Manifest.lock",
			);
			name = "[CP] Check Pods Manifest.lock";
			outputFileListPaths = (
			);
			outputPaths = (
				"$(DERIVED_FILE_DIR)/Pods-helloWorld-checkManifestLockResult.txt",
			);
			runOnlyForDeploymentPostprocessing = 0;
			shellPath = /bin/sh;
			shellScript = "diff \"${PODS_PODFILE_DIR_PATH}/Podfile.lock\" \"${PODS_ROOT}/Manifest.lock\" > /dev/null\nif [ $? != 0 ] ; then\n    # print error to STDERR\n    echo \"error: The sandbox is not in sync with the Podfile.lock. Run 'pod install' or update your CocoaPods installation.\" >&2\n    exit 1\nfi\n# This output is used by Xcode 'outputs' to avoid re-running this script phase.\necho \"SUCCESS\" > \"${SCRIPT_OUTPUT_FILE_0}\"\n";
			showEnvVarsInLog = 0;
		};
/* End PBXShellScriptBuildPhase section */

/* Begin PBXSourcesBuildPhase section */
		95D6EDAB2866B64800B3C527 /* Sources */ = {
			isa = PBXSourcesBuildPhase;
			buildActionMask = 2147483647;
			files = (
				95BAD6982872DB5900E315C6 /* MyTableViewCell.swift in Sources */,
				95D6EDB72866B64800B3C527 /* ViewController.swift in Sources */,
				95BAD6A128754FE600E315C6 /* HTTPController.swift in Sources */,
				95BAD69B2873D1F800E315C6 /* Order.swift in Sources */,
				95BAD69D2873D4D700E315C6 /* DBViewController.swift in Sources */,
				95BAD69F287484DC00E315C6 /* UIPickController.swift in Sources */,
				95D6EDB32866B64800B3C527 /* AppDelegate.swift in Sources */,
				95BAD689286E991500E315C6 /* SignUpViewController.swift in Sources */,
				95BAD6A32875666400E315C6 /* weather.swift in Sources */,
				95BAD6912872D3B400E315C6 /* CustomView.swift in Sources */,
				95D6EDB52866B64800B3C527 /* SceneDelegate.swift in Sources */,
				95BAD68B286E999000E315C6 /* IndexViewController.swift in Sources */,
			);
			runOnlyForDeploymentPostprocessing = 0;
		};
		95D6EDC12866B64900B3C527 /* Sources */ = {
			isa = PBXSourcesBuildPhase;
			buildActionMask = 2147483647;
			files = (
				95D6EDCA2866B64900B3C527 /* helloWorldTests.swift in Sources */,
			);
			runOnlyForDeploymentPostprocessing = 0;
		};
		95D6EDCB2866B64900B3C527 /* Sources */ = {
			isa = PBXSourcesBuildPhase;
			buildActionMask = 2147483647;
			files = (
				95D6EDD62866B64900B3C527 /* helloWorldUITestsLaunchTests.swift in Sources */,
				95D6EDD42866B64900B3C527 /* helloWorldUITests.swift in Sources */,
			);
			runOnlyForDeploymentPostprocessing = 0;
		};
/* End PBXSourcesBuildPhase section */

/* Begin PBXTargetDependency section */
		95D6EDC72866B64900B3C527 /* PBXTargetDependency */ = {
			isa = PBXTargetDependency;
			target = 95D6EDAE2866B64800B3C527 /* helloWorld */;
			targetProxy = 95D6EDC62866B64900B3C527 /* PBXContainerItemProxy */;
		};
		95D6EDD12866B64900B3C527 /* PBXTargetDependency */ = {
			isa = PBXTargetDependency;
			target = 95D6EDAE2866B64800B3C527 /* helloWorld */;
			targetProxy = 95D6EDD02866B64900B3C527 /* PBXContainerItemProxy */;
		};
/* End PBXTargetDependency section */

/* Begin PBXVariantGroup section */
		95D6EDB82866B64800B3C527 /* Main.storyboard */ = {
			isa = PBXVariantGroup;
			children = (
				95D6EDB92866B64800B3C527 /* Base */,
			);
			name = Main.storyboard;
			sourceTree = "<group>";
		};
		95D6EDBD2866B64900B3C527 /* LaunchScreen.storyboard */ = {
			isa = PBXVariantGroup;
			children = (
				95D6EDBE2866B64900B3C527 /* Base */,
			);
			name = LaunchScreen.storyboard;
			sourceTree = "<group>";
		};
/* End PBXVariantGroup section */

/* Begin XCBuildConfiguration section */
		95D6EDD72866B64900B3C527 /* Debug */ = {
			isa = XCBuildConfiguration;
			buildSettings = {
				ALWAYS_SEARCH_USER_PATHS = NO;
				CLANG_ANALYZER_NONNULL = YES;
				CLANG_ANALYZER_NUMBER_OBJECT_CONVERSION = YES_AGGRESSIVE;
				CLANG_CXX_LANGUAGE_STANDARD = "gnu++17";
				CLANG_ENABLE_MODULES = YES;
				CLANG_ENABLE_OBJC_ARC = YES;
				CLANG_ENABLE_OBJC_WEAK = YES;
				CLANG_WARN_BLOCK_CAPTURE_AUTORELEASING = YES;
				CLANG_WARN_BOOL_CONVERSION = YES;
				CLANG_WARN_COMMA = YES;
				CLANG_WARN_CONSTANT_CONVERSION = YES;
				CLANG_WARN_DEPRECATED_OBJC_IMPLEMENTATIONS = YES;
				CLANG_WARN_DIRECT_OBJC_ISA_USAGE = YES_ERROR;
				CLANG_WARN_DOCUMENTATION_COMMENTS = YES;
				CLANG_WARN_EMPTY_BODY = YES;
				CLANG_WARN_ENUM_CONVERSION = YES;
				CLANG_WARN_INFINITE_RECURSION = YES;
				CLANG_WARN_INT_CONVERSION = YES;
				CLANG_WARN_NON_LITERAL_NULL_CONVERSION = YES;
				CLANG_WARN_OBJC_IMPLICIT_RETAIN_SELF = YES;
				CLANG_WARN_OBJC_LITERAL_CONVERSION = YES;
				CLANG_WARN_OBJC_ROOT_CLASS = YES_ERROR;
				CLANG_WARN_QUOTED_INCLUDE_IN_FRAMEWORK_HEADER = YES;
				CLANG_WARN_RANGE_LOOP_ANALYSIS = YES;
				CLANG_WARN_STRICT_PROTOTYPES = YES;
				CLANG_WARN_SUSPICIOUS_MOVE = YES;
				CLANG_WARN_UNGUARDED_AVAILABILITY = YES_AGGRESSIVE;
				CLANG_WARN_UNREACHABLE_CODE = YES;
				CLANG_WARN__DUPLICATE_METHOD_MATCH = YES;
				COPY_PHASE_STRIP = NO;
				DEBUG_INFORMATION_FORMAT = dwarf;
				ENABLE_STRICT_OBJC_MSGSEND = YES;
				ENABLE_TESTABILITY = YES;
				GCC_C_LANGUAGE_STANDARD = gnu11;
				GCC_DYNAMIC_NO_PIC = NO;
				GCC_NO_COMMON_BLOCKS = YES;
				GCC_OPTIMIZATION_LEVEL = 0;
				GCC_PREPROCESSOR_DEFINITIONS = (
					"DEBUG=1",
					"$(inherited)",
				);
				GCC_WARN_64_TO_32_BIT_CONVERSION = YES;
				GCC_WARN_ABOUT_RETURN_TYPE = YES_ERROR;
				GCC_WARN_UNDECLARED_SELECTOR = YES;
				GCC_WARN_UNINITIALIZED_AUTOS = YES_AGGRESSIVE;
				GCC_WARN_UNUSED_FUNCTION = YES;
				GCC_WARN_UNUSED_VARIABLE = YES;
				IPHONEOS_DEPLOYMENT_TARGET = 15.4;
				MTL_ENABLE_DEBUG_INFO = INCLUDE_SOURCE;
				MTL_FAST_MATH = YES;
				ONLY_ACTIVE_ARCH = YES;
				SDKROOT = iphoneos;
				SWIFT_ACTIVE_COMPILATION_CONDITIONS = DEBUG;
				SWIFT_OPTIMIZATION_LEVEL = "-Onone";
			};
			name = Debug;
		};
		95D6EDD82866B64900B3C527 /* Release */ = {
			isa = XCBuildConfiguration;
			buildSettings = {
				ALWAYS_SEARCH_USER_PATHS = NO;
				CLANG_ANALYZER_NONNULL = YES;
				CLANG_ANALYZER_NUMBER_OBJECT_CONVERSION = YES_AGGRESSIVE;
				CLANG_CXX_LANGUAGE_STANDARD = "gnu++17";
				CLANG_ENABLE_MODULES = YES;
				CLANG_ENABLE_OBJC_ARC = YES;
				CLANG_ENABLE_OBJC_WEAK = YES;
				CLANG_WARN_BLOCK_CAPTURE_AUTORELEASING = YES;
				CLANG_WARN_BOOL_CONVERSION = YES;
				CLANG_WARN_COMMA = YES;
				CLANG_WARN_CONSTANT_CONVERSION = YES;
				CLANG_WARN_DEPRECATED_OBJC_IMPLEMENTATIONS = YES;
				CLANG_WARN_DIRECT_OBJC_ISA_USAGE = YES_ERROR;
				CLANG_WARN_DOCUMENTATION_COMMENTS = YES;
				CLANG_WARN_EMPTY_BODY = YES;
				CLANG_WARN_ENUM_CONVERSION = YES;
				CLANG_WARN_INFINITE_RECURSION = YES;
				CLANG_WARN_INT_CONVERSION = YES;
				CLANG_WARN_NON_LITERAL_NULL_CONVERSION = YES;
				CLANG_WARN_OBJC_IMPLICIT_RETAIN_SELF = YES;
				CLANG_WARN_OBJC_LITERAL_CONVERSION = YES;
				CLANG_WARN_OBJC_ROOT_CLASS = YES_ERROR;
				CLANG_WARN_QUOTED_INCLUDE_IN_FRAMEWORK_HEADER = YES;
				CLANG_WARN_RANGE_LOOP_ANALYSIS = YES;
				CLANG_WARN_STRICT_PROTOTYPES = YES;
				CLANG_WARN_SUSPICIOUS_MOVE = YES;
				CLANG_WARN_UNGUARDED_AVAILABILITY = YES_AGGRESSIVE;
				CLANG_WARN_UNREACHABLE_CODE = YES;
				CLANG_WARN__DUPLICATE_METHOD_MATCH = YES;
				COPY_PHASE_STRIP = NO;
				DEBUG_INFORMATION_FORMAT = "dwarf-with-dsym";
				ENABLE_NS_ASSERTIONS = NO;
				ENABLE_STRICT_OBJC_MSGSEND = YES;
				GCC_C_LANGUAGE_STANDARD = gnu11;
				GCC_NO_COMMON_BLOCKS = YES;
				GCC_WARN_64_TO_32_BIT_CONVERSION = YES;
				GCC_WARN_ABOUT_RETURN_TYPE = YES_ERROR;
				GCC_WARN_UNDECLARED_SELECTOR = YES;
				GCC_WARN_UNINITIALIZED_AUTOS = YES_AGGRESSIVE;
				GCC_WARN_UNUSED_FUNCTION = YES;
				GCC_WARN_UNUSED_VARIABLE = YES;
				IPHONEOS_DEPLOYMENT_TARGET = 15.4;
				MTL_ENABLE_DEBUG_INFO = NO;
				MTL_FAST_MATH = YES;
				SDKROOT = iphoneos;
				SWIFT_COMPILATION_MODE = wholemodule;
				SWIFT_OPTIMIZATION_LEVEL = "-O";
				VALIDATE_PRODUCT = YES;
			};
			name = Release;
		};
		95D6EDDA2866B64900B3C527 /* Debug */ = {
			isa = XCBuildConfiguration;
			baseConfigurationReference = 176229205F20F63B6C8C415C /* Pods-helloWorld.debug.xcconfig */;
			buildSettings = {
				ASSETCATALOG_COMPILER_APPICON_NAME = AppIcon;
				ASSETCATALOG_COMPILER_GLOBAL_ACCENT_COLOR_NAME = AccentColor;
				CODE_SIGN_STYLE = Automatic;
				CURRENT_PROJECT_VERSION = 1;
				DEVELOPMENT_TEAM = L3TVKD72L9;
				GENERATE_INFOPLIST_FILE = YES;
				INFOPLIST_FILE = helloWorld/Info.plist;
				INFOPLIST_KEY_UIApplicationSupportsIndirectInputEvents = YES;
				INFOPLIST_KEY_UILaunchStoryboardName = LaunchScreen;
				INFOPLIST_KEY_UIMainStoryboardFile = Main;
				INFOPLIST_KEY_UISupportedInterfaceOrientations_iPad = "UIInterfaceOrientationPortrait UIInterfaceOrientationPortraitUpsideDown UIInterfaceOrientationLandscapeLeft UIInterfaceOrientationLandscapeRight";
				INFOPLIST_KEY_UISupportedInterfaceOrientations_iPhone = "UIInterfaceOrientationPortrait UIInterfaceOrientationLandscapeLeft UIInterfaceOrientationLandscapeRight";
				LD_RUNPATH_SEARCH_PATHS = (
					"$(inherited)",
					"@executable_path/Frameworks",
				);
				MARKETING_VERSION = 1.0;
				PRODUCT_BUNDLE_IDENTIFIER = com.mouse.helloWorld;
				PRODUCT_NAME = "$(TARGET_NAME)";
				SWIFT_EMIT_LOC_STRINGS = YES;
				SWIFT_VERSION = 5.0;
				TARGETED_DEVICE_FAMILY = "1,2";
			};
			name = Debug;
		};
		95D6EDDB2866B64900B3C527 /* Release */ = {
			isa = XCBuildConfiguration;
			baseConfigurationReference = 2AAD6EF988881245A8482B73 /* Pods-helloWorld.release.xcconfig */;
			buildSettings = {
				ASSETCATALOG_COMPILER_APPICON_NAME = AppIcon;
				ASSETCATALOG_COMPILER_GLOBAL_ACCENT_COLOR_NAME = AccentColor;
				CODE_SIGN_STYLE = Automatic;
				CURRENT_PROJECT_VERSION = 1;
				DEVELOPMENT_TEAM = L3TVKD72L9;
				GENERATE_INFOPLIST_FILE = YES;
				INFOPLIST_FILE = helloWorld/Info.plist;
				INFOPLIST_KEY_UIApplicationSupportsIndirectInputEvents = YES;
				INFOPLIST_KEY_UILaunchStoryboardName = LaunchScreen;
				INFOPLIST_KEY_UIMainStoryboardFile = Main;
				INFOPLIST_KEY_UISupportedInterfaceOrientations_iPad = "UIInterfaceOrientationPortrait UIInterfaceOrientationPortraitUpsideDown UIInterfaceOrientationLandscapeLeft UIInterfaceOrientationLandscapeRight";
				INFOPLIST_KEY_UISupportedInterfaceOrientations_iPhone = "UIInterfaceOrientationPortrait UIInterfaceOrientationLandscapeLeft UIInterfaceOrientationLandscapeRight";
				LD_RUNPATH_SEARCH_PATHS = (
					"$(inherited)",
					"@executable_path/Frameworks",
				);
				MARKETING_VERSION = 1.0;
				PRODUCT_BUNDLE_IDENTIFIER = com.mouse.helloWorld;
				PRODUCT_NAME = "$(TARGET_NAME)";
				SWIFT_EMIT_LOC_STRINGS = YES;
				SWIFT_VERSION = 5.0;
				TARGETED_DEVICE_FAMILY = "1,2";
			};
			name = Release;
		};
		95D6EDDD2866B64900B3C527 /* Debug */ = {
			isa = XCBuildConfiguration;
			baseConfigurationReference = 9D006FE6A7908CA5E9186EA6 /* Pods-helloWorldTests.debug.xcconfig */;
			buildSettings = {
				ALWAYS_EMBED_SWIFT_STANDARD_LIBRARIES = YES;
				BUNDLE_LOADER = "$(TEST_HOST)";
				CODE_SIGN_STYLE = Automatic;
				CURRENT_PROJECT_VERSION = 1;
				DEVELOPMENT_TEAM = L3TVKD72L9;
				GENERATE_INFOPLIST_FILE = YES;
				IPHONEOS_DEPLOYMENT_TARGET = 15.4;
				MARKETING_VERSION = 1.0;
				PRODUCT_BUNDLE_IDENTIFIER = com.mouse.helloWorldTests;
				PRODUCT_NAME = "$(TARGET_NAME)";
				SWIFT_EMIT_LOC_STRINGS = NO;
				SWIFT_VERSION = 5.0;
				TARGETED_DEVICE_FAMILY = "1,2";
				TEST_HOST = "$(BUILT_PRODUCTS_DIR)/helloWorld.app/helloWorld";
			};
			name = Debug;
		};
		95D6EDDE2866B64900B3C527 /* Release */ = {
			isa = XCBuildConfiguration;
			baseConfigurationReference = 646AD8A656509CA7C8319913 /* Pods-helloWorldTests.release.xcconfig */;
			buildSettings = {
				ALWAYS_EMBED_SWIFT_STANDARD_LIBRARIES = YES;
				BUNDLE_LOADER = "$(TEST_HOST)";
				CODE_SIGN_STYLE = Automatic;
				CURRENT_PROJECT_VERSION = 1;
				DEVELOPMENT_TEAM = L3TVKD72L9;
				GENERATE_INFOPLIST_FILE = YES;
				IPHONEOS_DEPLOYMENT_TARGET = 15.4;
				MARKETING_VERSION = 1.0;
				PRODUCT_BUNDLE_IDENTIFIER = com.mouse.helloWorldTests;
				PRODUCT_NAME = "$(TARGET_NAME)";
				SWIFT_EMIT_LOC_STRINGS = NO;
				SWIFT_VERSION = 5.0;
				TARGETED_DEVICE_FAMILY = "1,2";
				TEST_HOST = "$(BUILT_PRODUCTS_DIR)/helloWorld.app/helloWorld";
			};
			name = Release;
		};
		95D6EDE02866B64900B3C527 /* Debug */ = {
			isa = XCBuildConfiguration;
			baseConfigurationReference = DD44062B3A7448F83674D163 /* Pods-helloWorld-helloWorldUITests.debug.xcconfig */;
			buildSettings = {
				ALWAYS_EMBED_SWIFT_STANDARD_LIBRARIES = YES;
				CODE_SIGN_STYLE = Automatic;
				CURRENT_PROJECT_VERSION = 1;
				DEVELOPMENT_TEAM = L3TVKD72L9;
				GENERATE_INFOPLIST_FILE = YES;
				MARKETING_VERSION = 1.0;
				PRODUCT_BUNDLE_IDENTIFIER = com.mouse.helloWorldUITests;
				PRODUCT_NAME = "$(TARGET_NAME)";
				SWIFT_EMIT_LOC_STRINGS = NO;
				SWIFT_VERSION = 5.0;
				TARGETED_DEVICE_FAMILY = "1,2";
				TEST_TARGET_NAME = helloWorld;
			};
			name = Debug;
		};
		95D6EDE12866B64900B3C527 /* Release */ = {
			isa = XCBuildConfiguration;
			baseConfigurationReference = B58596E4D7AFB8BE45093258 /* Pods-helloWorld-helloWorldUITests.release.xcconfig */;
			buildSettings = {
				ALWAYS_EMBED_SWIFT_STANDARD_LIBRARIES = YES;
				CODE_SIGN_STYLE = Automatic;
				CURRENT_PROJECT_VERSION = 1;
				DEVELOPMENT_TEAM = L3TVKD72L9;
				GENERATE_INFOPLIST_FILE = YES;
				MARKETING_VERSION = 1.0;
				PRODUCT_BUNDLE_IDENTIFIER = com.mouse.helloWorldUITests;
				PRODUCT_NAME = "$(TARGET_NAME)";
				SWIFT_EMIT_LOC_STRINGS = NO;
				SWIFT_VERSION = 5.0;
				TARGETED_DEVICE_FAMILY = "1,2";
				TEST_TARGET_NAME = helloWorld;
			};
			name = Release;
		};
/* End XCBuildConfiguration section */

/* Begin XCConfigurationList section */
		95D6EDAA2866B64800B3C527 /* Build configuration list for PBXProject "helloWorld" */ = {
			isa = XCConfigurationList;
			buildConfigurations = (
				95D6EDD72866B64900B3C527 /* Debug */,
				95D6EDD82866B64900B3C527 /* Release */,
			);
			defaultConfigurationIsVisible = 0;
			defaultConfigurationName = Release;
		};
		95D6EDD92866B64900B3C527 /* Build configuration list for PBXNativeTarget "helloWorld" */ = {
			isa = XCConfigurationList;
			buildConfigurations = (
				95D6EDDA2866B64900B3C527 /* Debug */,
				95D6EDDB2866B64900B3C527 /* Release */,
			);
			defaultConfigurationIsVisible = 0;
			defaultConfigurationName = Release;
		};
		95D6EDDC2866B64900B3C527 /* Build configuration list for PBXNativeTarget "helloWorldTests" */ = {
			isa = XCConfigurationList;
			buildConfigurations = (
				95D6EDDD2866B64900B3C527 /* Debug */,
				95D6EDDE2866B64900B3C527 /* Release */,
			);
			defaultConfigurationIsVisible = 0;
			defaultConfigurationName = Release;
		};
		95D6EDDF2866B64900B3C527 /* Build configuration list for PBXNativeTarget "helloWorldUITests" */ = {
			isa = XCConfigurationList;
			buildConfigurations = (
				95D6EDE02866B64900B3C527 /* Debug */,
				95D6EDE12866B64900B3C527 /* Release */,
			);
			defaultConfigurationIsVisible = 0;
			defaultConfigurationName = Release;
		};
/* End XCConfigurationList section */
	};
	rootObject = 95D6EDA72866B64800B3C527 /* Project object */;
}
